{
  "name": "hyperapp-boilerplate",
  "version": "1.0.0",
  "lockfileVersion": 1,
  "requires": true,
  "dependencies": {
    "@hyperapp/router": {
      "version": "0.7.0",
      "resolved": "https://registry.npmjs.org/@hyperapp/router/-/router-0.7.0.tgz",
      "integrity": "sha512-hLCKkDMj/QBnT4minTlZ+tFPvi/6fOzpRrHiR7AnW7CpS59SfE4O+1rZRbQ/fY9jO0Lx2vF22rv3sn9iGmFKIg=="
    },
    "ansi-styles": {
      "version": "3.2.1",
      "resolved": "https://registry.npmjs.org/ansi-styles/-/ansi-styles-3.2.1.tgz",
      "integrity": "sha512-VT0ZI6kZRdTh8YyJw3SMbYm/u+NqfsAxEpWO0Pf9sq8/e94WxxOpPKx9FR1FlyCtOVDNOQ+8ntlqFxiRc+r5qA==",
      "requires": {
        "color-convert": "1.9.1"
      }
    },
    "babel-runtime": {
      "version": "6.26.0",
      "resolved": "https://registry.npmjs.org/babel-runtime/-/babel-runtime-6.26.0.tgz",
      "integrity": "sha1-llxwWGaOgrVde/4E/yM3vItWR/4=",
      "requires": {
        "core-js": "2.5.6",
        "regenerator-runtime": "0.11.1"
      }
    },
    "balanced-match": {
      "version": "1.0.0",
      "resolved": "https://registry.npmjs.org/balanced-match/-/balanced-match-1.0.0.tgz",
      "integrity": "sha1-ibTRmasr7kneFk6gK4nORi1xt2c="
    },
    "browserslist": {
      "version": "2.11.3",
      "resolved": "https://registry.npmjs.org/browserslist/-/browserslist-2.11.3.tgz",
      "integrity": "sha512-yWu5cXT7Av6mVwzWc8lMsJMHWn4xyjSuGYi4IozbVTLUOEYPSagUB8kiMDUHA1fS3zjr8nkxkn9jdvug4BBRmA==",
      "requires": {
        "caniuse-lite": "1.0.30000839",
        "electron-to-chromium": "1.3.45"
      }
    },
    "caniuse-api": {
      "version": "2.0.0",
      "resolved": "https://registry.npmjs.org/caniuse-api/-/caniuse-api-2.0.0.tgz",
      "integrity": "sha1-sd21pZZrFvSNxJmERNS7xsfZ2DQ=",
      "requires": {
        "browserslist": "2.11.3",
        "caniuse-lite": "1.0.30000839",
        "lodash.memoize": "4.1.2",
        "lodash.uniq": "4.5.0"
      }
    },
    "caniuse-lite": {
      "version": "1.0.30000839",
      "resolved": "https://registry.npmjs.org/caniuse-lite/-/caniuse-lite-1.0.30000839.tgz",
      "integrity": "sha512-gJZIfmkuy84agOeAZc7WJOexZhisZaBSFk96gkGM6TkH7+1mBfr/MSPnXC8lO0g7guh/ucbswYjruvDbzc6i0g=="
    },
    "chalk": {
      "version": "2.4.1",
      "resolved": "https://registry.npmjs.org/chalk/-/chalk-2.4.1.tgz",
      "integrity": "sha512-ObN6h1v2fTJSmUXoS3nMQ92LbDK9be4TV+6G+omQlGJFdcUX5heKi1LZ1YnRMIgwTLEj3E24bT6tYni50rlCfQ==",
      "requires": {
        "ansi-styles": "3.2.1",
        "escape-string-regexp": "1.0.5",
        "supports-color": "5.4.0"
      }
    },
    "clone": {
      "version": "1.0.4",
      "resolved": "https://registry.npmjs.org/clone/-/clone-1.0.4.tgz",
      "integrity": "sha1-2jCcwmPfFZlMaIypAheco8fNfH4="
    },
    "color": {
      "version": "0.11.4",
      "resolved": "https://registry.npmjs.org/color/-/color-0.11.4.tgz",
      "integrity": "sha1-bXtcdPtl6EHNSHkq0e1eB7kE12Q=",
      "requires": {
        "clone": "1.0.4",
        "color-convert": "1.9.1",
        "color-string": "0.3.0"
      }
    },
    "color-convert": {
      "version": "1.9.1",
      "resolved": "https://registry.npmjs.org/color-convert/-/color-convert-1.9.1.tgz",
      "integrity": "sha512-mjGanIiwQJskCC18rPR6OmrZ6fm2Lc7PeGFYwCmy5J34wC6F1PzdGL6xeMfmgicfYcNLGuVFA3WzXtIDCQSZxQ==",
      "requires": {
        "color-name": "1.1.3"
      }
    },
    "color-name": {
      "version": "1.1.3",
      "resolved": "https://registry.npmjs.org/color-name/-/color-name-1.1.3.tgz",
      "integrity": "sha1-p9BVi9icQveV3UIyj3QIMcpTvCU="
    },
    "color-string": {
      "version": "0.3.0",
      "resolved": "https://registry.npmjs.org/color-string/-/color-string-0.3.0.tgz",
      "integrity": "sha1-J9RvtnAlxcL6JZk7+/V55HhBuZE=",
      "requires": {
        "color-name": "1.1.3"
      }
    },
    "core-js": {
      "version": "2.5.6",
      "resolved": "https://registry.npmjs.org/core-js/-/core-js-2.5.6.tgz",
      "integrity": "sha512-lQUVfQi0aLix2xpyjrrJEvfuYCqPc/HwmTKsC/VNf8q0zsjX7SQZtp4+oRONN5Tsur9GDETPjj+Ub2iDiGZfSQ=="
    },
    "css-color-function": {
      "version": "1.3.3",
      "resolved": "https://registry.npmjs.org/css-color-function/-/css-color-function-1.3.3.tgz",
      "integrity": "sha1-jtJMLAIFBzM5+voAS8jBQfzLKC4=",
      "requires": {
        "balanced-match": "0.1.0",
        "color": "0.11.4",
        "debug": "3.1.0",
        "rgb": "0.1.0"
      },
      "dependencies": {
        "balanced-match": {
          "version": "0.1.0",
          "resolved": "https://registry.npmjs.org/balanced-match/-/balanced-match-0.1.0.tgz",
          "integrity": "sha1-tQS9BYabOSWd0MXvw12EMXbczEo="
        },
        "debug": {
          "version": "3.1.0",
          "resolved": "https://registry.npmjs.org/debug/-/debug-3.1.0.tgz",
          "integrity": "sha512-OX8XqP7/1a9cqkxYw2yXss15f26NKWBpDXQd0/uK/KPqdQhxbPa994hnzjcE2VqQpDslf55723cKPUOGSmMY3g==",
          "requires": {
            "ms": "2.0.0"
          }
        }
      }
    },
    "css-unit-converter": {
      "version": "1.1.1",
      "resolved": "https://registry.npmjs.org/css-unit-converter/-/css-unit-converter-1.1.1.tgz",
      "integrity": "sha1-2bkoGtz9jO2TW9urqDeGiX9k6ZY="
    },
    "deepmerge": {
      "version": "2.1.1",
      "resolved": "https://registry.npmjs.org/deepmerge/-/deepmerge-2.1.1.tgz",
      "integrity": "sha512-urQxA1smbLZ2cBbXbaYObM1dJ82aJ2H57A1C/Kklfh/ZN1bgH4G/n5KWhdNfOK11W98gqZfyYj7W4frJJRwA2w=="
    },
    "dot-prop": {
      "version": "4.2.0",
      "resolved": "https://registry.npmjs.org/dot-prop/-/dot-prop-4.2.0.tgz",
      "integrity": "sha512-tUMXrxlExSW6U2EXiiKGSBVdYgtV8qlHL+C10TsW4PURY/ic+eaysnSkwB4kA/mBlCyy/IKDJ+Lc3wbWeaXtuQ==",
      "requires": {
        "is-obj": "1.0.1"
      }
    },
    "electron-to-chromium": {
      "version": "1.3.45",
      "resolved": "https://registry.npmjs.org/electron-to-chromium/-/electron-to-chromium-1.3.45.tgz",
      "integrity": "sha1-RYrBscXHYM6IEaFtK/vZfsMLr7g="
    },
    "escape-string-regexp": {
      "version": "1.0.5",
      "resolved": "https://registry.npmjs.org/escape-string-regexp/-/escape-string-regexp-1.0.5.tgz",
      "integrity": "sha1-G2HAViGQqN/2rjuyzwIAyhMLhtQ="
    },
    "flatten": {
      "version": "1.0.2",
      "resolved": "https://registry.npmjs.org/flatten/-/flatten-1.0.2.tgz",
      "integrity": "sha1-2uRqnXj74lKSJYzB54CkHZXAN4I="
    },
    "gather-stream": {
      "version": "1.0.0",
      "resolved": "https://registry.npmjs.org/gather-stream/-/gather-stream-1.0.0.tgz",
      "integrity": "sha1-szmUr0V6gRVwDUEPMXczy+egkEs="
    },
    "has-flag": {
      "version": "3.0.0",
      "resolved": "https://registry.npmjs.org/has-flag/-/has-flag-3.0.0.tgz",
      "integrity": "sha1-tdRU3CGZriJWmfNGfloH87lVuv0="
    },
    "hyperapp": {
      "version": "1.2.6",
      "resolved": "https://registry.npmjs.org/hyperapp/-/hyperapp-1.2.6.tgz",
      "integrity": "sha512-Kplla3GduO2c8gff1bBOy9iKlJFMHwPn9FeEHTGCut+1zVmpESUKb8/JbmLtJh2h1MELWxih08lXQxpDbv0J4w=="
    },
    "indexes-of": {
      "version": "1.0.1",
      "resolved": "https://registry.npmjs.org/indexes-of/-/indexes-of-1.0.1.tgz",
      "integrity": "sha1-8w9xbI4r00bHtn0985FVZqfAVgc="
    },
    "is-arrayish": {
      "version": "0.3.1",
      "resolved": "https://registry.npmjs.org/is-arrayish/-/is-arrayish-0.3.1.tgz",
      "integrity": "sha1-wt/DhquqDD4zxI2z/ocFnmkGXv0="
    },
    "is-obj": {
      "version": "1.0.1",
      "resolved": "https://registry.npmjs.org/is-obj/-/is-obj-1.0.1.tgz",
      "integrity": "sha1-PkcprB9f3gJc19g6iW2rn09n2w8="
    },
    "isnumeric": {
      "version": "0.2.0",
      "resolved": "https://registry.npmjs.org/isnumeric/-/isnumeric-0.2.0.tgz",
      "integrity": "sha1-ojR7o2DeGeM9D/1ZD933dVy/LmQ="
    },
    "laggard": {
      "version": "2.0.1",
      "resolved": "https://registry.npmjs.org/laggard/-/laggard-2.0.1.tgz",
      "integrity": "sha512-XCUGeE3r3VWxM8CV9aw+GjG3v3vTInyCf3p9YUo1SCTkM4N93/JaRH/4Lpz0hDZnaEQsArtAbp+rYic3PdTpbg==",
      "requires": {
        "minimist": "1.2.0",
        "pixrem": "4.0.1",
        "postcss": "6.0.22",
        "postcss-color-rgba-fallback": "3.0.0",
        "postcss-opacity": "5.0.0",
        "postcss-pseudoelements": "5.0.0",
        "postcss-reporter": "5.0.0",
        "postcss-vmin": "3.0.0",
        "postcss-will-change": "2.0.0",
        "read-file-stdin": "0.2.1",
        "write-file-stdout": "0.0.2"
      },
      "dependencies": {
        "minimist": {
          "version": "1.2.0",
          "resolved": "https://registry.npmjs.org/minimist/-/minimist-1.2.0.tgz",
          "integrity": "sha1-o1AIsg9BOD7sH7kU9M1d95omQoQ="
        }
      }
    },
    "lodash": {
      "version": "4.17.10",
      "resolved": "https://registry.npmjs.org/lodash/-/lodash-4.17.10.tgz",
      "integrity": "sha512-UejweD1pDoXu+AD825lWwp4ZGtSwgnpZxb3JDViD7StjQz+Nb/6l093lx4OQ0foGWNRoc19mWy7BzL+UAK2iVg=="
    },
    "lodash._reinterpolate": {
      "version": "3.0.0",
      "resolved": "https://registry.npmjs.org/lodash._reinterpolate/-/lodash._reinterpolate-3.0.0.tgz",
      "integrity": "sha1-DM8tiRZq8Ds2Y8eWU4t1rG4RTZ0="
    },
    "lodash.memoize": {
      "version": "4.1.2",
      "resolved": "https://registry.npmjs.org/lodash.memoize/-/lodash.memoize-4.1.2.tgz",
      "integrity": "sha1-vMbEmkKihA7Zl/Mj6tpezRguC/4="
    },
    "lodash.template": {
      "version": "4.4.0",
      "resolved": "https://registry.npmjs.org/lodash.template/-/lodash.template-4.4.0.tgz",
      "integrity": "sha1-5zoDhcg1VZF0bgILmWecaQ5o+6A=",
      "requires": {
        "lodash._reinterpolate": "3.0.0",
        "lodash.templatesettings": "4.1.0"
      }
    },
    "lodash.templatesettings": {
      "version": "4.1.0",
      "resolved": "https://registry.npmjs.org/lodash.templatesettings/-/lodash.templatesettings-4.1.0.tgz",
      "integrity": "sha1-K01OlbpEDZFf8IvImeRVNmZxMxY=",
      "requires": {
        "lodash._reinterpolate": "3.0.0"
      }
    },
    "lodash.uniq": {
      "version": "4.5.0",
      "resolved": "https://registry.npmjs.org/lodash.uniq/-/lodash.uniq-4.5.0.tgz",
      "integrity": "sha1-0CJTc662Uq3BvILklFM5qEJ1R3M="
    },
    "log-symbols": {
      "version": "2.2.0",
      "resolved": "https://registry.npmjs.org/log-symbols/-/log-symbols-2.2.0.tgz",
      "integrity": "sha512-VeIAFslyIerEJLXHziedo2basKbMKtTw3vfn5IzG0XTjhAVEJyNHnL2p7vc+wBDSdQuUpNw3M2u6xb9QsAY5Eg==",
      "requires": {
        "chalk": "2.4.1"
      }
    },
    "math-expression-evaluator": {
      "version": "1.2.17",
      "resolved": "https://registry.npmjs.org/math-expression-evaluator/-/math-expression-evaluator-1.2.17.tgz",
      "integrity": "sha1-3oGf282E3M2PrlnGrreWFbnSZqw="
    },
    "ms": {
      "version": "2.0.0",
      "resolved": "https://registry.npmjs.org/ms/-/ms-2.0.0.tgz",
      "integrity": "sha1-VgiurfwAvmwpAd9fmGF4jeDVl8g="
    },
    "normalize-range": {
      "version": "0.1.2",
      "resolved": "https://registry.npmjs.org/normalize-range/-/normalize-range-0.1.2.tgz",
      "integrity": "sha1-LRDAa9/TEuqXd2laTShDlFa3WUI="
    },
    "num2fraction": {
      "version": "1.2.2",
      "resolved": "https://registry.npmjs.org/num2fraction/-/num2fraction-1.2.2.tgz",
      "integrity": "sha1-b2gragJ6Tp3fpFZM0lidHU5mnt4="
    },
    "onecolor": {
      "version": "3.0.5",
      "resolved": "https://registry.npmjs.org/onecolor/-/onecolor-3.0.5.tgz",
      "integrity": "sha1-Nu/zIgE3nv3xGA+0ReUajiQl+fY="
    },
    "pixrem": {
      "version": "4.0.1",
      "resolved": "https://registry.npmjs.org/pixrem/-/pixrem-4.0.1.tgz",
      "integrity": "sha1-LaSh3m7EQjxfw3lOkwuB1EkOxoY=",
      "requires": {
        "browserslist": "2.11.3",
        "postcss": "6.0.22",
        "reduce-css-calc": "1.3.0"
      }
    },
    "pleeease-filters": {
      "version": "4.0.0",
      "resolved": "https://registry.npmjs.org/pleeease-filters/-/pleeease-filters-4.0.0.tgz",
      "integrity": "sha1-ZjKy+wVkjSdY2GU4T7zteeHMrsc=",
      "requires": {
        "onecolor": "3.0.5",
        "postcss": "6.0.22"
      }
    },
    "postcss": {
      "version": "6.0.22",
      "resolved": "https://registry.npmjs.org/postcss/-/postcss-6.0.22.tgz",
      "integrity": "sha512-Toc9lLoUASwGqxBSJGTVcOQiDqjK+Z2XlWBg+IgYwQMY9vA2f7iMpXVc1GpPcfTSyM5lkxNo0oDwDRO+wm7XHA==",
      "requires": {
        "chalk": "2.4.1",
        "source-map": "0.6.1",
        "supports-color": "5.4.0"
      },
      "dependencies": {
        "source-map": {
          "version": "0.6.1",
          "resolved": "https://registry.npmjs.org/source-map/-/source-map-0.6.1.tgz",
          "integrity": "sha512-UjgapumWlbMhkBgzT7Ykc5YXUT46F0iKu8SGXq0bcwP5dz/h0Plj6enJqjz1Zbq2l5WaqYnrVbwWOWMyF3F47g=="
        }
      }
    },
    "postcss-alias": {
      "version": "2.0.0",
      "resolved": "https://registry.npmjs.org/postcss-alias/-/postcss-alias-2.0.0.tgz",
      "integrity": "sha1-AY9Gwvv/gY4p+mr2evpL4r7NN20=",
      "requires": {
        "postcss": "6.0.22"
      }
    },
    "postcss-apply": {
      "version": "0.8.0",
      "resolved": "https://registry.npmjs.org/postcss-apply/-/postcss-apply-0.8.0.tgz",
      "integrity": "sha1-FOVEu7XLbxweBIhXll15rgZrE0M=",
      "requires": {
        "babel-runtime": "6.26.0",
        "balanced-match": "0.4.2",
        "postcss": "6.0.22"
      },
      "dependencies": {
        "balanced-match": {
          "version": "0.4.2",
          "resolved": "https://registry.npmjs.org/balanced-match/-/balanced-match-0.4.2.tgz",
          "integrity": "sha1-yz8+PHMtwPAe5wtAPzAuYddwmDg="
        }
      }
    },
    "postcss-attribute-case-insensitive": {
      "version": "2.0.0",
      "resolved": "https://registry.npmjs.org/postcss-attribute-case-insensitive/-/postcss-attribute-case-insensitive-2.0.0.tgz",
      "integrity": "sha1-lNxCLI+QmX8WvTOjZUu77AhJY7Q=",
      "requires": {
        "postcss": "6.0.22",
        "postcss-selector-parser": "2.2.3"
      },
      "dependencies": {
        "postcss-selector-parser": {
          "version": "2.2.3",
          "resolved": "https://registry.npmjs.org/postcss-selector-parser/-/postcss-selector-parser-2.2.3.tgz",
          "integrity": "sha1-+UN3iGBsPJrO4W/+jYsWKX8nu5A=",
          "requires": {
            "flatten": "1.0.2",
            "indexes-of": "1.0.1",
            "uniq": "1.0.1"
          }
        }
      }
    },
    "postcss-calc": {
      "version": "6.0.1",
      "resolved": "https://registry.npmjs.org/postcss-calc/-/postcss-calc-6.0.1.tgz",
      "integrity": "sha1-PSQXG79udinUIqQ26/5t2VEfQzA=",
      "requires": {
        "css-unit-converter": "1.1.1",
        "postcss": "6.0.22",
        "postcss-selector-parser": "2.2.3",
        "reduce-css-calc": "2.1.4"
      },
      "dependencies": {
        "postcss-selector-parser": {
          "version": "2.2.3",
          "resolved": "https://registry.npmjs.org/postcss-selector-parser/-/postcss-selector-parser-2.2.3.tgz",
          "integrity": "sha1-+UN3iGBsPJrO4W/+jYsWKX8nu5A=",
          "requires": {
            "flatten": "1.0.2",
            "indexes-of": "1.0.1",
            "uniq": "1.0.1"
          }
        },
        "reduce-css-calc": {
          "version": "2.1.4",
          "resolved": "https://registry.npmjs.org/reduce-css-calc/-/reduce-css-calc-2.1.4.tgz",
          "integrity": "sha512-i/vWQbyd3aJRmip9OVSN9V6nIjLf/gg/ctxb0CpvHWtcRysFl/ngDBQD+rqavxdw/doScA3GMBXhzkHQ4GCzFQ==",
          "requires": {
            "css-unit-converter": "1.1.1",
            "postcss-value-parser": "3.3.0"
          }
        }
      }
    },
    "postcss-clearfix": {
      "version": "2.0.1",
      "resolved": "https://registry.npmjs.org/postcss-clearfix/-/postcss-clearfix-2.0.1.tgz",
      "integrity": "sha1-UXChmY8WfTGQoBc0RbY4DIxcB/I=",
      "requires": {
        "postcss": "6.0.22"
      }
    },
    "postcss-color-function": {
      "version": "4.0.1",
      "resolved": "https://registry.npmjs.org/postcss-color-function/-/postcss-color-function-4.0.1.tgz",
      "integrity": "sha1-QCs/LOvD9pR+YY+2vjZU++zvZEQ=",
      "requires": {
        "css-color-function": "1.3.3",
        "postcss": "6.0.22",
        "postcss-message-helpers": "2.0.0",
        "postcss-value-parser": "3.3.0"
      }
    },
    "postcss-color-gray": {
      "version": "4.1.0",
      "resolved": "https://registry.npmjs.org/postcss-color-gray/-/postcss-color-gray-4.1.0.tgz",
      "integrity": "sha512-L4iLKQLdqChz6ZOgGb6dRxkBNw78JFYcJmBz1orHpZoeLtuhDDGegRtX9gSyfoCIM7rWZ3VNOyiqqvk83BEN+w==",
      "requires": {
        "color": "2.0.1",
        "postcss": "6.0.22",
        "postcss-message-helpers": "2.0.0",
        "reduce-function-call": "1.0.2"
      },
      "dependencies": {
        "color": {
          "version": "2.0.1",
          "resolved": "https://registry.npmjs.org/color/-/color-2.0.1.tgz",
          "integrity": "sha512-ubUCVVKfT7r2w2D3qtHakj8mbmKms+tThR8gI8zEYCbUBl8/voqFGt3kgBqGwXAopgXybnkuOq+qMYCRrp4cXw==",
          "requires": {
            "color-convert": "1.9.1",
            "color-string": "1.5.2"
          }
        },
        "color-string": {
          "version": "1.5.2",
          "resolved": "https://registry.npmjs.org/color-string/-/color-string-1.5.2.tgz",
          "integrity": "sha1-JuRYFLw8mny9Z1FkikFDRRSnc6k=",
          "requires": {
            "color-name": "1.1.3",
            "simple-swizzle": "0.2.2"
          }
        }
      }
    },
    "postcss-color-hex-alpha": {
      "version": "3.0.0",
      "resolved": "https://registry.npmjs.org/postcss-color-hex-alpha/-/postcss-color-hex-alpha-3.0.0.tgz",
      "integrity": "sha1-HlPmyKyyN5Vej9CLfs2xuLgwn5U=",
      "requires": {
        "color": "1.0.3",
        "postcss": "6.0.22",
        "postcss-message-helpers": "2.0.0"
      },
      "dependencies": {
        "color": {
          "version": "1.0.3",
          "resolved": "https://registry.npmjs.org/color/-/color-1.0.3.tgz",
          "integrity": "sha1-5I6DLYXxTvaU+0aIEcLVz+cptV0=",
          "requires": {
            "color-convert": "1.9.1",
            "color-string": "1.5.2"
          }
        },
        "color-string": {
          "version": "1.5.2",
          "resolved": "https://registry.npmjs.org/color-string/-/color-string-1.5.2.tgz",
          "integrity": "sha1-JuRYFLw8mny9Z1FkikFDRRSnc6k=",
          "requires": {
            "color-name": "1.1.3",
            "simple-swizzle": "0.2.2"
          }
        }
      }
    },
    "postcss-color-hsl": {
      "version": "2.0.0",
      "resolved": "https://registry.npmjs.org/postcss-color-hsl/-/postcss-color-hsl-2.0.0.tgz",
      "integrity": "sha1-EnA2ZvoxBDDj8wpFTawThjF9WEQ=",
      "requires": {
        "postcss": "6.0.22",
        "postcss-value-parser": "3.3.0",
        "units-css": "0.4.0"
      }
    },
    "postcss-color-hwb": {
      "version": "3.0.0",
      "resolved": "https://registry.npmjs.org/postcss-color-hwb/-/postcss-color-hwb-3.0.0.tgz",
      "integrity": "sha1-NAKxnvTYSXVAwftQcr6YY8qVVx4=",
      "requires": {
        "color": "1.0.3",
        "postcss": "6.0.22",
        "postcss-message-helpers": "2.0.0",
        "reduce-function-call": "1.0.2"
      },
      "dependencies": {
        "color": {
          "version": "1.0.3",
          "resolved": "https://registry.npmjs.org/color/-/color-1.0.3.tgz",
          "integrity": "sha1-5I6DLYXxTvaU+0aIEcLVz+cptV0=",
          "requires": {
            "color-convert": "1.9.1",
            "color-string": "1.5.2"
          }
        },
        "color-string": {
          "version": "1.5.2",
          "resolved": "https://registry.npmjs.org/color-string/-/color-string-1.5.2.tgz",
          "integrity": "sha1-JuRYFLw8mny9Z1FkikFDRRSnc6k=",
          "requires": {
            "color-name": "1.1.3",
            "simple-swizzle": "0.2.2"
          }
        }
      }
    },
    "postcss-color-rebeccapurple": {
      "version": "3.1.0",
      "resolved": "https://registry.npmjs.org/postcss-color-rebeccapurple/-/postcss-color-rebeccapurple-3.1.0.tgz",
      "integrity": "sha512-212hJUk9uSsbwO5ECqVjmh/iLsmiVL1xy9ce9TVf+X3cK/ZlUIlaMdoxje/YpsL9cmUH3I7io+/G2LyWx5rg1g==",
      "requires": {
        "postcss": "6.0.22",
        "postcss-values-parser": "1.5.0"
      }
    },
    "postcss-color-rgb": {
      "version": "2.0.0",
      "resolved": "https://registry.npmjs.org/postcss-color-rgb/-/postcss-color-rgb-2.0.0.tgz",
      "integrity": "sha1-FFOcinExSUtILg3RzCZf9lFLUmM=",
      "requires": {
        "postcss": "6.0.22",
        "postcss-value-parser": "3.3.0"
      }
    },
    "postcss-color-rgba-fallback": {
      "version": "3.0.0",
      "resolved": "https://registry.npmjs.org/postcss-color-rgba-fallback/-/postcss-color-rgba-fallback-3.0.0.tgz",
      "integrity": "sha1-N9XJNToHoJJwkSqCYGu0Kg1wLAQ=",
      "requires": {
        "postcss": "6.0.22",
        "postcss-value-parser": "3.3.0",
        "rgb-hex": "2.1.0"
      }
    },
    "postcss-cssnext": {
      "version": "3.1.0",
      "resolved": "https://registry.npmjs.org/postcss-cssnext/-/postcss-cssnext-3.1.0.tgz",
      "integrity": "sha512-awPDhI4OKetcHCr560iVCoDuP6e/vn0r6EAqdWPpAavJMvkBSZ6kDpSN4b3mB3Ti57hQMunHHM8Wvx9PeuYXtA==",
      "requires": {
        "autoprefixer": "7.2.6",
        "caniuse-api": "2.0.0",
        "chalk": "2.4.1",
        "pixrem": "4.0.1",
        "pleeease-filters": "4.0.0",
        "postcss": "6.0.22",
        "postcss-apply": "0.8.0",
        "postcss-attribute-case-insensitive": "2.0.0",
        "postcss-calc": "6.0.1",
        "postcss-color-function": "4.0.1",
        "postcss-color-gray": "4.1.0",
        "postcss-color-hex-alpha": "3.0.0",
        "postcss-color-hsl": "2.0.0",
        "postcss-color-hwb": "3.0.0",
        "postcss-color-rebeccapurple": "3.1.0",
        "postcss-color-rgb": "2.0.0",
        "postcss-color-rgba-fallback": "3.0.0",
        "postcss-custom-media": "6.0.0",
        "postcss-custom-properties": "6.3.1",
        "postcss-custom-selectors": "4.0.1",
        "postcss-font-family-system-ui": "3.0.0",
        "postcss-font-variant": "3.0.0",
        "postcss-image-set-polyfill": "0.3.5",
        "postcss-initial": "2.0.0",
        "postcss-media-minmax": "3.0.0",
        "postcss-nesting": "4.2.1",
        "postcss-pseudo-class-any-link": "4.0.0",
        "postcss-pseudoelements": "5.0.0",
        "postcss-replace-overflow-wrap": "2.0.0",
        "postcss-selector-matches": "3.0.1",
        "postcss-selector-not": "3.0.1"
      },
      "dependencies": {
        "autoprefixer": {
          "version": "7.2.6",
          "resolved": "https://registry.npmjs.org/autoprefixer/-/autoprefixer-7.2.6.tgz",
          "integrity": "sha512-Iq8TRIB+/9eQ8rbGhcP7ct5cYb/3qjNYAR2SnzLCEcwF6rvVOax8+9+fccgXk4bEhQGjOZd5TLhsksmAdsbGqQ==",
          "requires": {
            "browserslist": "2.11.3",
            "caniuse-lite": "1.0.30000839",
            "normalize-range": "0.1.2",
            "num2fraction": "1.2.2",
            "postcss": "6.0.22",
            "postcss-value-parser": "3.3.0"
          }
        }
      }
    },
    "postcss-custom-media": {
      "version": "6.0.0",
      "resolved": "https://registry.npmjs.org/postcss-custom-media/-/postcss-custom-media-6.0.0.tgz",
      "integrity": "sha1-vlMnhBEOyylQRPtTlaGABushpzc=",
      "requires": {
        "postcss": "6.0.22"
      }
    },
    "postcss-custom-properties": {
      "version": "6.3.1",
      "resolved": "https://registry.npmjs.org/postcss-custom-properties/-/postcss-custom-properties-6.3.1.tgz",
      "integrity": "sha512-zoiwn4sCiUFbr4KcgcNZLFkR6gVQom647L+z1p/KBVHZ1OYwT87apnS42atJtx6XlX2yI7N5fjXbFixShQO2QQ==",
      "requires": {
        "balanced-match": "1.0.0",
        "postcss": "6.0.22"
      }
    },
    "postcss-custom-selectors": {
      "version": "4.0.1",
      "resolved": "https://registry.npmjs.org/postcss-custom-selectors/-/postcss-custom-selectors-4.0.1.tgz",
      "integrity": "sha1-eBOC+UxS5yfvXKR3bqKt9JphE4I=",
      "requires": {
        "postcss": "6.0.22",
        "postcss-selector-matches": "3.0.1"
      }
    },
    "postcss-easings": {
      "version": "1.0.1",
      "resolved": "https://registry.npmjs.org/postcss-easings/-/postcss-easings-1.0.1.tgz",
      "integrity": "sha512-zHRCKHinXtqpyrPPi3oojaf47v3eGcQHmG5zujWs1+9OWukIKi/rVEAm2KSh5y4swn66SNCZceGXcNi9GXo1cQ==",
      "requires": {
        "postcss": "6.0.22",
        "postcss-value-parser": "3.3.0"
      }
    },
    "postcss-focus": {
      "version": "3.0.0",
      "resolved": "https://registry.npmjs.org/postcss-focus/-/postcss-focus-3.0.0.tgz",
      "integrity": "sha512-5k2FK7QcIrS86LhFZNFrcOzHxAotMzXJ5WtWGGsV220JxspN+8EsL/UE6cPmqAZgq/kE4y8mGzuT+hh7iSV+Bw==",
      "requires": {
        "postcss": "6.0.22"
      }
    },
    "postcss-font-family-system-ui": {
      "version": "3.0.0",
      "resolved": "https://registry.npmjs.org/postcss-font-family-system-ui/-/postcss-font-family-system-ui-3.0.0.tgz",
      "integrity": "sha512-58G/hTxMSSKlIRpcPUjlyo6hV2MEzvcVO2m4L/T7Bb2fJTG4DYYfQjQeRvuimKQh1V1sOzCIz99g+H2aFNtlQw==",
      "requires": {
        "postcss": "6.0.22"
      }
    },
    "postcss-font-variant": {
      "version": "3.0.0",
      "resolved": "https://registry.npmjs.org/postcss-font-variant/-/postcss-font-variant-3.0.0.tgz",
      "integrity": "sha1-CMzIj2BQuoLtjvLMdsDGprQfGD4=",
      "requires": {
        "postcss": "6.0.22"
      }
    },
    "postcss-fontpath": {
      "version": "1.0.0",
      "resolved": "https://registry.npmjs.org/postcss-fontpath/-/postcss-fontpath-1.0.0.tgz",
      "integrity": "sha1-rQ7vwhk+Kc96NLjHUf9/6OdGmeU=",
      "requires": {
        "postcss": "6.0.22"
      }
    },
    "postcss-hexrgba": {
      "version": "1.0.1",
      "resolved": "https://registry.npmjs.org/postcss-hexrgba/-/postcss-hexrgba-1.0.1.tgz",
      "integrity": "sha512-zFJ5XEoh6aD1clOCxHx2D2Vj2dzcr86t5OXgZKB0K2z0LWZlWhdVJV1lpJBRX075qhTSbKqqjemUHU+TSy9Buw==",
      "requires": {
        "postcss": "6.0.22"
      }
    },
    "postcss-image-set-polyfill": {
      "version": "0.3.5",
      "resolved": "https://registry.npmjs.org/postcss-image-set-polyfill/-/postcss-image-set-polyfill-0.3.5.tgz",
      "integrity": "sha1-Dxk0E3AM8fgr05Bm7wFtZaShgYE=",
      "requires": {
        "postcss": "6.0.22",
        "postcss-media-query-parser": "0.2.3"
      }
    },
    "postcss-initial": {
      "version": "2.0.0",
      "resolved": "https://registry.npmjs.org/postcss-initial/-/postcss-initial-2.0.0.tgz",
      "integrity": "sha1-cnFfczbgu3k1HZnuZcSiU6hEG6Q=",
      "requires": {
        "lodash.template": "4.4.0",
        "postcss": "6.0.22"
      }
    },
    "postcss-input-style": {
      "version": "1.0.0",
      "resolved": "https://registry.npmjs.org/postcss-input-style/-/postcss-input-style-1.0.0.tgz",
      "integrity": "sha1-u/3IK595mz54yGOgJHZ1fib73GE=",
      "requires": {
        "postcss": "6.0.22"
      }
    },
    "postcss-media-minmax": {
      "version": "3.0.0",
      "resolved": "https://registry.npmjs.org/postcss-media-minmax/-/postcss-media-minmax-3.0.0.tgz",
      "integrity": "sha1-Z1JWA3pD70C8Twdgv9BtTcadSNI=",
      "requires": {
        "postcss": "6.0.22"
      }
    },
    "postcss-media-query-parser": {
      "version": "0.2.3",
      "resolved": "https://registry.npmjs.org/postcss-media-query-parser/-/postcss-media-query-parser-0.2.3.tgz",
      "integrity": "sha1-J7Ocb02U+Bsac7j3Y1HGCeXO8kQ="
    },
    "postcss-message-helpers": {
      "version": "2.0.0",
      "resolved": "https://registry.npmjs.org/postcss-message-helpers/-/postcss-message-helpers-2.0.0.tgz",
      "integrity": "sha1-pPL0+rbk/gAvCu0ABHjN9S+bpg4="
    },
    "postcss-nested": {
      "version": "3.0.0",
      "resolved": "https://registry.npmjs.org/postcss-nested/-/postcss-nested-3.0.0.tgz",
      "integrity": "sha512-1xxmLHSfubuUi6xZZ0zLsNoiKfk3BWQj6fkNMaBJC529wKKLcdeCxXt6KJmDLva+trNyQNwEaE/ZWMA7cve1fA==",
      "requires": {
        "postcss": "6.0.22",
        "postcss-selector-parser": "3.1.1"
      }
    },
    "postcss-nesting": {
      "version": "4.2.1",
      "resolved": "https://registry.npmjs.org/postcss-nesting/-/postcss-nesting-4.2.1.tgz",
      "integrity": "sha512-IkyWXICwagCnlaviRexi7qOdwPw3+xVVjgFfGsxmztvRVaNxAlrypOIKqDE5mxY+BVxnId1rnUKBRQoNE2VDaA==",
      "requires": {
        "postcss": "6.0.22"
      }
    },
    "postcss-opacity": {
      "version": "5.0.0",
      "resolved": "https://registry.npmjs.org/postcss-opacity/-/postcss-opacity-5.0.0.tgz",
      "integrity": "sha512-n6LgHk5HWIsyEHgPqM2jwXrkh4SuH+cZOIWh4tUp4ug3P7FkzxiJuqrpEaBvNwH/dKs5PHjHL2vPeR+nLbs+Mw==",
      "requires": {
        "postcss": "6.0.22"
      }
    },
    "postcss-position": {
      "version": "1.0.0",
      "resolved": "https://registry.npmjs.org/postcss-position/-/postcss-position-1.0.0.tgz",
      "integrity": "sha1-MMvu5Ajyam2+u/YSYcohDlSMd/8=",
      "requires": {
        "postcss": "6.0.22"
      }
    },
    "postcss-pseudo-class-any-link": {
      "version": "4.0.0",
      "resolved": "https://registry.npmjs.org/postcss-pseudo-class-any-link/-/postcss-pseudo-class-any-link-4.0.0.tgz",
      "integrity": "sha1-kVKgYT00UHIFE+iJKFS65C0O5o4=",
      "requires": {
        "postcss": "6.0.22",
        "postcss-selector-parser": "2.2.3"
      },
      "dependencies": {
        "postcss-selector-parser": {
          "version": "2.2.3",
          "resolved": "https://registry.npmjs.org/postcss-selector-parser/-/postcss-selector-parser-2.2.3.tgz",
          "integrity": "sha1-+UN3iGBsPJrO4W/+jYsWKX8nu5A=",
          "requires": {
            "flatten": "1.0.2",
            "indexes-of": "1.0.1",
            "uniq": "1.0.1"
          }
        }
      }
    },
    "postcss-pseudoelements": {
      "version": "5.0.0",
      "resolved": "https://registry.npmjs.org/postcss-pseudoelements/-/postcss-pseudoelements-5.0.0.tgz",
      "integrity": "sha1-7vGU6NUkZFylIKlJ6V5RjoEkAss=",
      "requires": {
        "postcss": "6.0.22"
      }
    },
    "postcss-quantity-queries": {
      "version": "0.5.0",
      "resolved": "https://registry.npmjs.org/postcss-quantity-queries/-/postcss-quantity-queries-0.5.0.tgz",
      "integrity": "sha1-UrZxf8yNmSWuZM/0M0CHD+FVFqs=",
      "requires": {
        "balanced-match": "0.4.2",
        "postcss": "6.0.22"
      },
      "dependencies": {
        "balanced-match": {
          "version": "0.4.2",
          "resolved": "https://registry.npmjs.org/balanced-match/-/balanced-match-0.4.2.tgz",
          "integrity": "sha1-yz8+PHMtwPAe5wtAPzAuYddwmDg="
        }
      }
    },
    "postcss-replace-overflow-wrap": {
      "version": "2.0.0",
      "resolved": "https://registry.npmjs.org/postcss-replace-overflow-wrap/-/postcss-replace-overflow-wrap-2.0.0.tgz",
      "integrity": "sha1-eU22+qVPjbEAhUOSqTr0V2i04ls=",
      "requires": {
        "postcss": "6.0.22"
      }
    },
    "postcss-reporter": {
      "version": "5.0.0",
      "resolved": "https://registry.npmjs.org/postcss-reporter/-/postcss-reporter-5.0.0.tgz",
      "integrity": "sha512-rBkDbaHAu5uywbCR2XE8a25tats3xSOsGNx6mppK6Q9kSFGKc/FyAzfci+fWM2l+K402p1D0pNcfDGxeje5IKg==",
      "requires": {
        "chalk": "2.4.1",
        "lodash": "4.17.10",
        "log-symbols": "2.2.0",
        "postcss": "6.0.22"
      }
    },
    "postcss-responsive-type": {
      "version": "1.0.0",
      "resolved": "https://registry.npmjs.org/postcss-responsive-type/-/postcss-responsive-type-1.0.0.tgz",
      "integrity": "sha1-uy1X2DC+uVhuxP2nmU8H43lTqtg=",
      "requires": {
        "postcss": "6.0.22"
      }
    },
    "postcss-selector-matches": {
      "version": "3.0.1",
      "resolved": "https://registry.npmjs.org/postcss-selector-matches/-/postcss-selector-matches-3.0.1.tgz",
      "integrity": "sha1-5WNAEeE5UIgYYbvdWMLQER/8lqs=",
      "requires": {
        "balanced-match": "0.4.2",
        "postcss": "6.0.22"
      },
      "dependencies": {
        "balanced-match": {
          "version": "0.4.2",
          "resolved": "https://registry.npmjs.org/balanced-match/-/balanced-match-0.4.2.tgz",
          "integrity": "sha1-yz8+PHMtwPAe5wtAPzAuYddwmDg="
        }
      }
    },
    "postcss-selector-not": {
      "version": "3.0.1",
      "resolved": "https://registry.npmjs.org/postcss-selector-not/-/postcss-selector-not-3.0.1.tgz",
      "integrity": "sha1-Lk2y8JZTNsAefOx9tsYN/3ZzNdk=",
      "requires": {
        "balanced-match": "0.4.2",
        "postcss": "6.0.22"
      },
      "dependencies": {
        "balanced-match": {
          "version": "0.4.2",
          "resolved": "https://registry.npmjs.org/balanced-match/-/balanced-match-0.4.2.tgz",
          "integrity": "sha1-yz8+PHMtwPAe5wtAPzAuYddwmDg="
        }
      }
    },
    "postcss-selector-parser": {
      "version": "3.1.1",
      "resolved": "https://registry.npmjs.org/postcss-selector-parser/-/postcss-selector-parser-3.1.1.tgz",
      "integrity": "sha1-T4dfSvsMllc9XPTXQBGu4lCn6GU=",
      "requires": {
        "dot-prop": "4.2.0",
        "indexes-of": "1.0.1",
        "uniq": "1.0.1"
      }
    },
    "postcss-value-parser": {
      "version": "3.3.0",
      "resolved": "https://registry.npmjs.org/postcss-value-parser/-/postcss-value-parser-3.3.0.tgz",
      "integrity": "sha1-h/OPnxj3dKSrTIojL1xc6IcqnRU="
    },
    "postcss-values-parser": {
      "version": "1.5.0",
      "resolved": "https://registry.npmjs.org/postcss-values-parser/-/postcss-values-parser-1.5.0.tgz",
      "integrity": "sha512-3M3p+2gMp0AH3da530TlX8kiO1nxdTnc3C6vr8dMxRLIlh8UYkz0/wcwptSXjhtx2Fr0TySI7a+BHDQ8NL7LaQ==",
      "requires": {
        "flatten": "1.0.2",
        "indexes-of": "1.0.1",
        "uniq": "1.0.1"
      }
    },
    "postcss-vmin": {
      "version": "3.0.0",
      "resolved": "https://registry.npmjs.org/postcss-vmin/-/postcss-vmin-3.0.0.tgz",
      "integrity": "sha1-bWrms+hP4/96TfHrhvOmmgfooUQ=",
      "requires": {
        "postcss": "6.0.22"
      }
    },
    "postcss-will-change": {
      "version": "2.0.0",
      "resolved": "https://registry.npmjs.org/postcss-will-change/-/postcss-will-change-2.0.0.tgz",
      "integrity": "sha1-z/CRqHoDhrqx8yp8+n951rdz4QA=",
      "requires": {
        "postcss": "6.0.22"
      }
    },
    "read-file-stdin": {
      "version": "0.2.1",
      "resolved": "https://registry.npmjs.org/read-file-stdin/-/read-file-stdin-0.2.1.tgz",
      "integrity": "sha1-JezP86FTtoCa+ssj7hU4fbng7mE=",
      "requires": {
        "gather-stream": "1.0.0"
      }
    },
    "reduce-css-calc": {
      "version": "1.3.0",
      "resolved": "https://registry.npmjs.org/reduce-css-calc/-/reduce-css-calc-1.3.0.tgz",
      "integrity": "sha1-dHyRTgSWFKTJz7umKYca0dKSdxY=",
      "requires": {
        "balanced-match": "0.4.2",
        "math-expression-evaluator": "1.2.17",
        "reduce-function-call": "1.0.2"
      },
      "dependencies": {
        "balanced-match": {
          "version": "0.4.2",
          "resolved": "https://registry.npmjs.org/balanced-match/-/balanced-match-0.4.2.tgz",
          "integrity": "sha1-yz8+PHMtwPAe5wtAPzAuYddwmDg="
        }
      }
    },
    "reduce-function-call": {
      "version": "1.0.2",
      "resolved": "https://registry.npmjs.org/reduce-function-call/-/reduce-function-call-1.0.2.tgz",
      "integrity": "sha1-WiAL+S4ON3UXUv5FsKszD9S2vpk=",
      "requires": {
        "balanced-match": "0.4.2"
      },
      "dependencies": {
        "balanced-match": {
          "version": "0.4.2",
          "resolved": "https://registry.npmjs.org/balanced-match/-/balanced-match-0.4.2.tgz",
          "integrity": "sha1-yz8+PHMtwPAe5wtAPzAuYddwmDg="
        }
      }
    },
    "regenerator-runtime": {
      "version": "0.11.1",
      "resolved": "https://registry.npmjs.org/regenerator-runtime/-/regenerator-runtime-0.11.1.tgz",
      "integrity": "sha512-MguG95oij0fC3QV3URf4V2SDYGJhJnJGqvIIgdECeODCT98wSWDAJ94SSuVpYQUoTcGUIL6L4yNB7j1DFFHSBg=="
    },
    "rgb": {
      "version": "0.1.0",
      "resolved": "https://registry.npmjs.org/rgb/-/rgb-0.1.0.tgz",
      "integrity": "sha1-vieykej+/+rBvZlylyG/pA/AN7U="
    },
    "rgb-hex": {
      "version": "2.1.0",
      "resolved": "https://registry.npmjs.org/rgb-hex/-/rgb-hex-2.1.0.tgz",
      "integrity": "sha1-x3PF/iJoolV42SU5qCp6XOU77aY="
    },
    "rucksack-css": {
      "version": "1.0.2",
      "resolved": "https://registry.npmjs.org/rucksack-css/-/rucksack-css-1.0.2.tgz",
      "integrity": "sha512-+ir3KHUb+IfCjqTsUruYZDKf95GZKhqucVridhNSuU9AsC7efqBhKtzJeMNZqc+EOND0LWBenG5ZCodKUPbL6g==",
      "requires": {
        "autoprefixer": "7.2.6",
        "laggard": "2.0.1",
        "minimist": "1.2.0",
        "postcss": "6.0.22",
        "postcss-alias": "2.0.0",
        "postcss-clearfix": "2.0.1",
        "postcss-color-rgba-fallback": "3.0.0",
        "postcss-easings": "1.0.1",
        "postcss-fontpath": "1.0.0",
        "postcss-hexrgba": "1.0.1",
        "postcss-input-style": "1.0.0",
        "postcss-opacity": "5.0.0",
        "postcss-position": "1.0.0",
        "postcss-pseudoelements": "5.0.0",
        "postcss-quantity-queries": "0.5.0",
        "postcss-reporter": "5.0.0",
        "postcss-responsive-type": "1.0.0",
        "postcss-vmin": "3.0.0",
        "read-file-stdin": "0.2.1",
        "write-file-stdout": "0.0.2"
      },
      "dependencies": {
        "autoprefixer": {
          "version": "7.2.6",
          "resolved": "https://registry.npmjs.org/autoprefixer/-/autoprefixer-7.2.6.tgz",
          "integrity": "sha512-Iq8TRIB+/9eQ8rbGhcP7ct5cYb/3qjNYAR2SnzLCEcwF6rvVOax8+9+fccgXk4bEhQGjOZd5TLhsksmAdsbGqQ==",
          "requires": {
            "browserslist": "2.11.3",
            "caniuse-lite": "1.0.30000839",
            "normalize-range": "0.1.2",
            "num2fraction": "1.2.2",
            "postcss": "6.0.22",
            "postcss-value-parser": "3.3.0"
          }
        },
        "minimist": {
          "version": "1.2.0",
          "resolved": "https://registry.npmjs.org/minimist/-/minimist-1.2.0.tgz",
          "integrity": "sha1-o1AIsg9BOD7sH7kU9M1d95omQoQ="
        }
      }
    },
    "sanitize.css": {
      "version": "6.0.0",
      "resolved": "https://registry.npmjs.org/sanitize.css/-/sanitize.css-6.0.0.tgz",
      "integrity": "sha512-T91kHCHVpHWxTmfvsbVpOZ3Ob2tuFZuVCoj/00ZwSdW7S8XngwPoSsUz5oXsf3Jo1FEtMEu2zc9MP49qc2I+Yw=="
    },
    "simple-swizzle": {
      "version": "0.2.2",
      "resolved": "https://registry.npmjs.org/simple-swizzle/-/simple-swizzle-0.2.2.tgz",
      "integrity": "sha1-pNprY1/8zMoz9w0Xy5JZLeleVXo=",
      "requires": {
        "is-arrayish": "0.3.1"
      }
    },
    "supports-color": {
      "version": "5.4.0",
      "resolved": "https://registry.npmjs.org/supports-color/-/supports-color-5.4.0.tgz",
      "integrity": "sha512-zjaXglF5nnWpsq470jSv6P9DwPvgLkuapYmfDm3JWOm0vkNTVF2tI4UrN2r6jH1qM/uc/WtxYY1hYoA2dOKj5w==",
      "requires": {
        "has-flag": "3.0.0"
      }
    },
    "uniq": {
      "version": "1.0.1",
      "resolved": "https://registry.npmjs.org/uniq/-/uniq-1.0.1.tgz",
      "integrity": "sha1-sxxa6CVIRKOoKBVBzisEuGWnNP8="
    },
    "units-css": {
      "version": "0.4.0",
      "resolved": "https://registry.npmjs.org/units-css/-/units-css-0.4.0.tgz",
      "integrity": "sha1-1iKGU6UZg9fBb/KPi53Dsf/tOgc=",
      "requires": {
        "isnumeric": "0.2.0",
        "viewport-dimensions": "0.2.0"
      }
    },
    "viewport-dimensions": {
      "version": "0.2.0",
      "resolved": "https://registry.npmjs.org/viewport-dimensions/-/viewport-dimensions-0.2.0.tgz",
      "integrity": "sha1-3nQHR9tTh/0XJfUXXpG6x2r982w="
    },
    "write-file-stdout": {
      "version": "0.0.2",
      "resolved": "https://registry.npmjs.org/write-file-stdout/-/write-file-stdout-0.0.2.tgz",
      "integrity": "sha1-wlLXx8WxtAKJdjDjRTx7/mkNnKE="
    }
  }
}
